{
  "version": "2",
  "remote": {
    "https://deno.land/std@0.191.0/_util/asserts.ts": "178dfc49a464aee693a7e285567b3d0b555dc805ff490505a8aae34f9cfb1462",
    "https://deno.land/std@0.191.0/_util/os.ts": "d932f56d41e4f6a6093d56044e29ce637f8dcc43c5a90af43504a889cf1775e3",
    "https://deno.land/std@0.191.0/fs/_util.ts": "fbf57dcdc9f7bc8128d60301eece608246971a7836a3bb1e78da75314f08b978",
    "https://deno.land/std@0.191.0/fs/copy.ts": "14214efd94fc3aa6db1e4af2b4b9578e50f7362b7f3725d5a14ad259a5df26c8",
    "https://deno.land/std@0.191.0/fs/empty_dir.ts": "c3d2da4c7352fab1cf144a1ecfef58090769e8af633678e0f3fabaef98594688",
    "https://deno.land/std@0.191.0/fs/ensure_dir.ts": "dc64c4c75c64721d4e3fb681f1382f803ff3d2868f08563ff923fdd20d071c40",
    "https://deno.land/std@0.191.0/fs/ensure_file.ts": "c38602670bfaf259d86ca824a94e6cb9e5eb73757fefa4ebf43a90dd017d53d9",
    "https://deno.land/std@0.191.0/fs/ensure_link.ts": "c0f5b2f0ec094ed52b9128eccb1ee23362a617457aa0f699b145d4883f5b2fb4",
    "https://deno.land/std@0.191.0/fs/ensure_symlink.ts": "5006ab2f458159c56d689b53b1e48d57e05eeb1eaf64e677f7f76a30bc4fdba1",
    "https://deno.land/std@0.191.0/fs/eol.ts": "f1f2eb348a750c34500741987b21d65607f352cf7205f48f4319d417fff42842",
    "https://deno.land/std@0.191.0/fs/exists.ts": "29c26bca8584a22876be7cb8844f1b6c8fc35e9af514576b78f5c6884d7ed02d",
    "https://deno.land/std@0.191.0/fs/expand_glob.ts": "e4f56259a0a70fe23f05215b00de3ac5e6ba46646ab2a06ebbe9b010f81c972a",
    "https://deno.land/std@0.191.0/fs/mod.ts": "bc3d0acd488cc7b42627044caf47d72019846d459279544e1934418955ba4898",
    "https://deno.land/std@0.191.0/fs/move.ts": "b4f8f46730b40c32ea3c0bc8eb0fd0e8139249a698883c7b3756424cf19785c9",
    "https://deno.land/std@0.191.0/fs/walk.ts": "920be35a7376db6c0b5b1caf1486fb962925e38c9825f90367f8f26b5e5d0897",
    "https://deno.land/std@0.191.0/path/_constants.ts": "e49961f6f4f48039c0dfed3c3f93e963ca3d92791c9d478ac5b43183413136e0",
    "https://deno.land/std@0.191.0/path/_interface.ts": "6471159dfbbc357e03882c2266d21ef9afdb1e4aa771b0545e90db58a0ba314b",
    "https://deno.land/std@0.191.0/path/_util.ts": "d7abb1e0dea065f427b89156e28cdeb32b045870acdf865833ba808a73b576d0",
    "https://deno.land/std@0.191.0/path/common.ts": "ee7505ab01fd22de3963b64e46cff31f40de34f9f8de1fff6a1bd2fe79380000",
    "https://deno.land/std@0.191.0/path/glob.ts": "d479e0a695621c94d3fd7fe7abd4f9499caf32a8de13f25073451c6ef420a4e1",
    "https://deno.land/std@0.191.0/path/mod.ts": "f065032a7189404fdac3ad1a1551a9ac84751d2f25c431e101787846c86c79ef",
    "https://deno.land/std@0.191.0/path/posix.ts": "8b7c67ac338714b30c816079303d0285dd24af6b284f7ad63da5b27372a2c94d",
    "https://deno.land/std@0.191.0/path/separator.ts": "0fb679739d0d1d7bf45b68dacfb4ec7563597a902edbaf3c59b50d5bcadd93b1",
    "https://deno.land/std@0.191.0/path/win32.ts": "d186344e5583bcbf8b18af416d13d82b35a317116e6460a5a3953508c3de5bba"
  },
  "npm": {
    "specifiers": {
      "@actions/core": "@actions/core@1.10.0",
      "@actions/github": "@actions/github@5.1.1_@octokit+core@3.6.0",
      "@octokit/request-error": "@octokit/request-error@4.0.1",
      "@types/semver": "@types/semver@7.5.0",
      "dotenv": "dotenv@16.1.4",
      "jszip": "jszip@3.10.1",
      "octokit@2.0.15": "octokit@2.0.15_@octokit+core@4.2.1",
      "semver": "semver@7.5.1",
      "simple-git": "simple-git@3.19.0"
    },
    "packages": {
      "@actions/core@1.10.0": {
        "integrity": "sha512-2aZDDa3zrrZbP5ZYg159sNoLRb61nQ7awl5pSvIq5Qpj81vwDzdMRKzkWJGJuwVvWpvZKx7vspJALyvaaIQyug==",
        "dependencies": {
          "@actions/http-client": "@actions/http-client@2.1.0",
          "uuid": "uuid@8.3.2"
        }
      },
      "@actions/github@5.1.1_@octokit+core@3.6.0": {
        "integrity": "sha512-Nk59rMDoJaV+mHCOJPXuvB1zIbomlKS0dmSIqPGxd0enAXBnOfn4VWF+CGtRCwXZG9Epa54tZA7VIRlJDS8A6g==",
        "dependencies": {
          "@actions/http-client": "@actions/http-client@2.1.0",
          "@octokit/core": "@octokit/core@3.6.0",
          "@octokit/plugin-paginate-rest": "@octokit/plugin-paginate-rest@2.21.3_@octokit+core@3.6.0",
          "@octokit/plugin-rest-endpoint-methods": "@octokit/plugin-rest-endpoint-methods@5.16.2_@octokit+core@3.6.0"
        }
      },
      "@actions/http-client@2.1.0": {
        "integrity": "sha512-BonhODnXr3amchh4qkmjPMUO8mFi/zLaaCeCAJZqch8iQqyDnVIkySjB38VHAC8IJ+bnlgfOqlhpyCUZHlQsqw==",
        "dependencies": {
          "tunnel": "tunnel@0.0.6"
        }
      },
      "@kwsites/file-exists@1.1.1": {
        "integrity": "sha512-m9/5YGR18lIwxSFDwfE3oA7bWuq9kdau6ugN4H2rJeyhFQZcG9AgSHkQtSD15a8WvTgfz9aikZMrKPHvbpqFiw==",
        "dependencies": {
          "debug": "debug@4.3.4"
        }
      },
      "@kwsites/promise-deferred@1.1.1": {
        "integrity": "sha512-GaHYm+c0O9MjZRu0ongGBRbinu8gVAMd2UZjji6jVmqKtZluZnptXGWhz1E8j8D2HJ3f/yMxKAUC0b+57wncIw==",
        "dependencies": {}
      },
      "@octokit/app@13.1.5_@octokit+core@4.2.1": {
        "integrity": "sha512-6qTa24S+gdQUU66SCVfqTkyt2jAr9/ZeyPqJhnNI9PZ8Wum4lQy3bPS+voGlxABNOlzRKnxbSdYKoraMr3MqBA==",
        "dependencies": {
          "@octokit/auth-app": "@octokit/auth-app@4.0.13",
          "@octokit/auth-unauthenticated": "@octokit/auth-unauthenticated@3.0.5",
          "@octokit/core": "@octokit/core@4.2.1",
          "@octokit/oauth-app": "@octokit/oauth-app@4.2.2",
          "@octokit/plugin-paginate-rest": "@octokit/plugin-paginate-rest@6.1.2_@octokit+core@4.2.1",
          "@octokit/types": "@octokit/types@9.3.2",
          "@octokit/webhooks": "@octokit/webhooks@10.9.1"
        }
      },
      "@octokit/auth-app@4.0.13": {
        "integrity": "sha512-NBQkmR/Zsc+8fWcVIFrwDgNXS7f4XDrkd9LHdi9DPQw1NdGHLviLzRO2ZBwTtepnwHXW5VTrVU9eFGijMUqllg==",
        "dependencies": {
          "@octokit/auth-oauth-app": "@octokit/auth-oauth-app@5.0.6",
          "@octokit/auth-oauth-user": "@octokit/auth-oauth-user@2.1.2",
          "@octokit/request": "@octokit/request@6.2.6",
          "@octokit/request-error": "@octokit/request-error@3.0.3",
          "@octokit/types": "@octokit/types@9.3.2",
          "deprecation": "deprecation@2.3.1",
          "lru-cache": "lru-cache@9.1.2",
          "universal-github-app-jwt": "universal-github-app-jwt@1.1.1",
          "universal-user-agent": "universal-user-agent@6.0.0"
        }
      },
      "@octokit/auth-oauth-app@5.0.6": {
        "integrity": "sha512-SxyfIBfeFcWd9Z/m1xa4LENTQ3l1y6Nrg31k2Dcb1jS5ov7pmwMJZ6OGX8q3K9slRgVpeAjNA1ipOAMHkieqyw==",
        "dependencies": {
          "@octokit/auth-oauth-device": "@octokit/auth-oauth-device@4.0.5",
          "@octokit/auth-oauth-user": "@octokit/auth-oauth-user@2.1.2",
          "@octokit/request": "@octokit/request@6.2.6",
          "@octokit/types": "@octokit/types@9.3.2",
          "@types/btoa-lite": "@types/btoa-lite@1.0.0",
          "btoa-lite": "btoa-lite@1.0.0",
          "universal-user-agent": "universal-user-agent@6.0.0"
        }
      },
      "@octokit/auth-oauth-device@4.0.5": {
        "integrity": "sha512-XyhoWRTzf2ZX0aZ52a6Ew5S5VBAfwwx1QnC2Np6Et3MWQpZjlREIcbcvVZtkNuXp6Z9EeiSLSDUqm3C+aMEHzQ==",
        "dependencies": {
          "@octokit/oauth-methods": "@octokit/oauth-methods@2.0.6",
          "@octokit/request": "@octokit/request@6.2.6",
          "@octokit/types": "@octokit/types@9.3.2",
          "universal-user-agent": "universal-user-agent@6.0.0"
        }
      },
      "@octokit/auth-oauth-user@2.1.2": {
        "integrity": "sha512-kkRqNmFe7s5GQcojE3nSlF+AzYPpPv7kvP/xYEnE57584pixaFBH8Vovt+w5Y3E4zWUEOxjdLItmBTFAWECPAg==",
        "dependencies": {
          "@octokit/auth-oauth-device": "@octokit/auth-oauth-device@4.0.5",
          "@octokit/oauth-methods": "@octokit/oauth-methods@2.0.6",
          "@octokit/request": "@octokit/request@6.2.6",
          "@octokit/types": "@octokit/types@9.3.2",
          "btoa-lite": "btoa-lite@1.0.0",
          "universal-user-agent": "universal-user-agent@6.0.0"
        }
      },
      "@octokit/auth-token@2.5.0": {
        "integrity": "sha512-r5FVUJCOLl19AxiuZD2VRZ/ORjp/4IN98Of6YJoJOkY75CIBuYfmiNHGrDwXr+aLGG55igl9QrxX3hbiXlLb+g==",
        "dependencies": {
          "@octokit/types": "@octokit/types@6.41.0"
        }
      },
      "@octokit/auth-token@3.0.4": {
        "integrity": "sha512-TWFX7cZF2LXoCvdmJWY7XVPi74aSY0+FfBZNSXEXFkMpjcqsQwDSYVv5FhRFaI0V1ECnwbz4j59T/G+rXNWaIQ==",
        "dependencies": {}
      },
      "@octokit/auth-unauthenticated@3.0.5": {
        "integrity": "sha512-yH2GPFcjrTvDWPwJWWCh0tPPtTL5SMgivgKPA+6v/XmYN6hGQkAto8JtZibSKOpf8ipmeYhLNWQ2UgW0GYILCw==",
        "dependencies": {
          "@octokit/request-error": "@octokit/request-error@3.0.3",
          "@octokit/types": "@octokit/types@9.3.2"
        }
      },
      "@octokit/core@3.6.0": {
        "integrity": "sha512-7RKRKuA4xTjMhY+eG3jthb3hlZCsOwg3rztWh75Xc+ShDWOfDDATWbeZpAHBNRpm4Tv9WgBMOy1zEJYXG6NJ7Q==",
        "dependencies": {
          "@octokit/auth-token": "@octokit/auth-token@2.5.0",
          "@octokit/graphql": "@octokit/graphql@4.8.0",
          "@octokit/request": "@octokit/request@5.6.3",
          "@octokit/request-error": "@octokit/request-error@2.1.0",
          "@octokit/types": "@octokit/types@6.41.0",
          "before-after-hook": "before-after-hook@2.2.3",
          "universal-user-agent": "universal-user-agent@6.0.0"
        }
      },
      "@octokit/core@4.2.1": {
        "integrity": "sha512-tEDxFx8E38zF3gT7sSMDrT1tGumDgsw5yPG6BBh/X+5ClIQfMH/Yqocxz1PnHx6CHyF6pxmovUTOfZAUvQ0Lvw==",
        "dependencies": {
          "@octokit/auth-token": "@octokit/auth-token@3.0.4",
          "@octokit/graphql": "@octokit/graphql@5.0.6",
          "@octokit/request": "@octokit/request@6.2.6",
          "@octokit/request-error": "@octokit/request-error@3.0.3",
          "@octokit/types": "@octokit/types@9.3.2",
          "before-after-hook": "before-after-hook@2.2.3",
          "universal-user-agent": "universal-user-agent@6.0.0"
        }
      },
      "@octokit/endpoint@6.0.12": {
        "integrity": "sha512-lF3puPwkQWGfkMClXb4k/eUT/nZKQfxinRWJrdZaJO85Dqwo/G0yOC434Jr2ojwafWJMYqFGFa5ms4jJUgujdA==",
        "dependencies": {
          "@octokit/types": "@octokit/types@6.41.0",
          "is-plain-object": "is-plain-object@5.0.0",
          "universal-user-agent": "universal-user-agent@6.0.0"
        }
      },
      "@octokit/endpoint@7.0.6": {
        "integrity": "sha512-5L4fseVRUsDFGR00tMWD/Trdeeihn999rTMGRMC1G/Ldi1uWlWJzI98H4Iak5DB/RVvQuyMYKqSK/R6mbSOQyg==",
        "dependencies": {
          "@octokit/types": "@octokit/types@9.3.2",
          "is-plain-object": "is-plain-object@5.0.0",
          "universal-user-agent": "universal-user-agent@6.0.0"
        }
      },
      "@octokit/graphql@4.8.0": {
        "integrity": "sha512-0gv+qLSBLKF0z8TKaSKTsS39scVKF9dbMxJpj3U0vC7wjNWFuIpL/z76Qe2fiuCbDRcJSavkXsVtMS6/dtQQsg==",
        "dependencies": {
          "@octokit/request": "@octokit/request@5.6.3",
          "@octokit/types": "@octokit/types@6.41.0",
          "universal-user-agent": "universal-user-agent@6.0.0"
        }
      },
      "@octokit/graphql@5.0.6": {
        "integrity": "sha512-Fxyxdy/JH0MnIB5h+UQ3yCoh1FG4kWXfFKkpWqjZHw/p+Kc8Y44Hu/kCgNBT6nU1shNumEchmW/sUO1JuQnPcw==",
        "dependencies": {
          "@octokit/request": "@octokit/request@6.2.6",
          "@octokit/types": "@octokit/types@9.3.2",
          "universal-user-agent": "universal-user-agent@6.0.0"
        }
      },
      "@octokit/oauth-app@4.2.2": {
        "integrity": "sha512-/jsPd43Yu2UXJ4XGq9KyOjPj5kNWQ5pfVzeDEfIVE8ENchyIPS+/IY2a8b0+OQSAsBKBLTHVp9m51RfGHmPZlw==",
        "dependencies": {
          "@octokit/auth-oauth-app": "@octokit/auth-oauth-app@5.0.6",
          "@octokit/auth-oauth-user": "@octokit/auth-oauth-user@2.1.2",
          "@octokit/auth-unauthenticated": "@octokit/auth-unauthenticated@3.0.5",
          "@octokit/core": "@octokit/core@4.2.1",
          "@octokit/oauth-authorization-url": "@octokit/oauth-authorization-url@5.0.0",
          "@octokit/oauth-methods": "@octokit/oauth-methods@2.0.6",
          "@types/aws-lambda": "@types/aws-lambda@8.10.118",
          "fromentries": "fromentries@1.3.2",
          "universal-user-agent": "universal-user-agent@6.0.0"
        }
      },
      "@octokit/oauth-authorization-url@5.0.0": {
        "integrity": "sha512-y1WhN+ERDZTh0qZ4SR+zotgsQUE1ysKnvBt1hvDRB2WRzYtVKQjn97HEPzoehh66Fj9LwNdlZh+p6TJatT0zzg==",
        "dependencies": {}
      },
      "@octokit/oauth-methods@2.0.6": {
        "integrity": "sha512-l9Uml2iGN2aTWLZcm8hV+neBiFXAQ9+3sKiQe/sgumHlL6HDg0AQ8/l16xX/5jJvfxueqTW5CWbzd0MjnlfHZw==",
        "dependencies": {
          "@octokit/oauth-authorization-url": "@octokit/oauth-authorization-url@5.0.0",
          "@octokit/request": "@octokit/request@6.2.6",
          "@octokit/request-error": "@octokit/request-error@3.0.3",
          "@octokit/types": "@octokit/types@9.3.2",
          "btoa-lite": "btoa-lite@1.0.0"
        }
      },
      "@octokit/openapi-types@12.11.0": {
        "integrity": "sha512-VsXyi8peyRq9PqIz/tpqiL2w3w80OgVMwBHltTml3LmVvXiphgeqmY9mvBw9Wu7e0QWk/fqD37ux8yP5uVekyQ==",
        "dependencies": {}
      },
      "@octokit/openapi-types@18.0.0": {
        "integrity": "sha512-V8GImKs3TeQRxRtXFpG2wl19V7444NIOTDF24AWuIbmNaNYOQMWRbjcGDXV5B+0n887fgDcuMNOmlul+k+oJtw==",
        "dependencies": {}
      },
      "@octokit/plugin-paginate-rest@2.21.3_@octokit+core@3.6.0": {
        "integrity": "sha512-aCZTEf0y2h3OLbrgKkrfFdjRL6eSOo8komneVQJnYecAxIej7Bafor2xhuDJOIFau4pk0i/P28/XgtbyPF0ZHw==",
        "dependencies": {
          "@octokit/core": "@octokit/core@3.6.0",
          "@octokit/types": "@octokit/types@6.41.0"
        }
      },
      "@octokit/plugin-paginate-rest@6.1.2_@octokit+core@4.2.1": {
        "integrity": "sha512-qhrmtQeHU/IivxucOV1bbI/xZyC/iOBhclokv7Sut5vnejAIAEXVcGQeRpQlU39E0WwK9lNvJHphHri/DB6lbQ==",
        "dependencies": {
          "@octokit/core": "@octokit/core@4.2.1",
          "@octokit/tsconfig": "@octokit/tsconfig@1.0.2",
          "@octokit/types": "@octokit/types@9.3.2"
        }
      },
      "@octokit/plugin-rest-endpoint-methods@5.16.2_@octokit+core@3.6.0": {
        "integrity": "sha512-8QFz29Fg5jDuTPXVtey05BLm7OB+M8fnvE64RNegzX7U+5NUXcOcnpTIK0YfSHBg8gYd0oxIq3IZTe9SfPZiRw==",
        "dependencies": {
          "@octokit/core": "@octokit/core@3.6.0",
          "@octokit/types": "@octokit/types@6.41.0",
          "deprecation": "deprecation@2.3.1"
        }
      },
      "@octokit/plugin-rest-endpoint-methods@7.2.3_@octokit+core@4.2.1": {
        "integrity": "sha512-I5Gml6kTAkzVlN7KCtjOM+Ruwe/rQppp0QU372K1GP7kNOYEKe8Xn5BW4sE62JAHdwpq95OQK/qGNyKQMUzVgA==",
        "dependencies": {
          "@octokit/core": "@octokit/core@4.2.1",
          "@octokit/types": "@octokit/types@10.0.0"
        }
      },
      "@octokit/plugin-retry@4.1.6_@octokit+core@4.2.1": {
        "integrity": "sha512-obkYzIgEC75r8+9Pnfiiqy3y/x1bc3QLE5B7qvv9wi9Kj0R5tGQFC6QMBg1154WQ9lAVypuQDGyp3hNpp15gQQ==",
        "dependencies": {
          "@octokit/core": "@octokit/core@4.2.1",
          "@octokit/types": "@octokit/types@9.3.2",
          "bottleneck": "bottleneck@2.19.5"
        }
      },
      "@octokit/plugin-throttling@5.2.3_@octokit+core@4.2.1": {
        "integrity": "sha512-C9CFg9mrf6cugneKiaI841iG8DOv6P5XXkjmiNNut+swePxQ7RWEdAZRp5rJoE1hjsIqiYcKa/ZkOQ+ujPI39Q==",
        "dependencies": {
          "@octokit/core": "@octokit/core@4.2.1",
          "@octokit/types": "@octokit/types@9.3.2",
          "bottleneck": "bottleneck@2.19.5"
        }
      },
      "@octokit/request-error@2.1.0": {
        "integrity": "sha512-1VIvgXxs9WHSjicsRwq8PlR2LR2x6DwsJAaFgzdi0JfJoGSO8mYI/cHJQ+9FbN21aa+DrgNLnwObmyeSC8Rmpg==",
        "dependencies": {
          "@octokit/types": "@octokit/types@6.41.0",
          "deprecation": "deprecation@2.3.1",
          "once": "once@1.4.0"
        }
      },
      "@octokit/request-error@3.0.3": {
        "integrity": "sha512-crqw3V5Iy2uOU5Np+8M/YexTlT8zxCfI+qu+LxUB7SZpje4Qmx3mub5DfEKSO8Ylyk0aogi6TYdf6kxzh2BguQ==",
        "dependencies": {
          "@octokit/types": "@octokit/types@9.3.2",
          "deprecation": "deprecation@2.3.1",
          "once": "once@1.4.0"
        }
      },
      "@octokit/request-error@4.0.1": {
        "integrity": "sha512-DBTkqzs0K6SlK1gRaQ6A6yOnKKkbVy8n/A9E7Es5qYONIxBghqiETPqWhG9l7qvWgp8v3sDkB8vlV2AAX1N6gw==",
        "dependencies": {
          "@octokit/types": "@octokit/types@9.3.2",
          "deprecation": "deprecation@2.3.1",
          "once": "once@1.4.0"
        }
      },
      "@octokit/request@5.6.3": {
        "integrity": "sha512-bFJl0I1KVc9jYTe9tdGGpAMPy32dLBXXo1dS/YwSCTL/2nd9XeHsY616RE3HPXDVk+a+dBuzyz5YdlXwcDTr2A==",
        "dependencies": {
          "@octokit/endpoint": "@octokit/endpoint@6.0.12",
          "@octokit/request-error": "@octokit/request-error@2.1.0",
          "@octokit/types": "@octokit/types@6.41.0",
          "is-plain-object": "is-plain-object@5.0.0",
          "node-fetch": "node-fetch@2.6.11",
          "universal-user-agent": "universal-user-agent@6.0.0"
        }
      },
      "@octokit/request@6.2.6": {
        "integrity": "sha512-T/waXf/xjie8Qn5IyFYAcI/HXvw9SPkcQWErGP9H471IWRDRCN+Gn/QOptPMAZRT4lJb2bLHxQfCXjU0mJRyng==",
        "dependencies": {
          "@octokit/endpoint": "@octokit/endpoint@7.0.6",
          "@octokit/request-error": "@octokit/request-error@3.0.3",
          "@octokit/types": "@octokit/types@9.3.2",
          "is-plain-object": "is-plain-object@5.0.0",
          "node-fetch": "node-fetch@2.6.11",
          "universal-user-agent": "universal-user-agent@6.0.0"
        }
      },
      "@octokit/tsconfig@1.0.2": {
        "integrity": "sha512-I0vDR0rdtP8p2lGMzvsJzbhdOWy405HcGovrspJ8RRibHnyRgggUSNO5AIox5LmqiwmatHKYsvj6VGFHkqS7lA==",
        "dependencies": {}
      },
      "@octokit/types@10.0.0": {
        "integrity": "sha512-Vm8IddVmhCgU1fxC1eyinpwqzXPEYu0NrYzD3YZjlGjyftdLBTeqNblRC0jmJmgxbJIsQlyogVeGnrNaaMVzIg==",
        "dependencies": {
          "@octokit/openapi-types": "@octokit/openapi-types@18.0.0"
        }
      },
      "@octokit/types@6.41.0": {
        "integrity": "sha512-eJ2jbzjdijiL3B4PrSQaSjuF2sPEQPVCPzBvTHJD9Nz+9dw2SGH4K4xeQJ77YfTq5bRQ+bD8wT11JbeDPmxmGg==",
        "dependencies": {
          "@octokit/openapi-types": "@octokit/openapi-types@12.11.0"
        }
      },
      "@octokit/types@9.3.2": {
        "integrity": "sha512-D4iHGTdAnEEVsB8fl95m1hiz7D5YiRdQ9b/OEb3BYRVwbLsGHcRVPz+u+BgRLNk0Q0/4iZCBqDN96j2XNxfXrA==",
        "dependencies": {
          "@octokit/openapi-types": "@octokit/openapi-types@18.0.0"
        }
      },
      "@octokit/webhooks-methods@3.0.3": {
        "integrity": "sha512-2vM+DCNTJ5vL62O5LagMru6XnYhV4fJslK+5YUkTa6rWlW2S+Tqs1lF9Wr9OGqHfVwpBj3TeztWfVON/eUoW1Q==",
        "dependencies": {}
      },
      "@octokit/webhooks-types@6.11.0": {
        "integrity": "sha512-AanzbulOHljrku1NGfafxdpTCfw2ENaWzH01N2vqQM+cUFbk868Cgh0xylz0JIM9BoKbfI++bdD6EYX0Q/UTEw==",
        "dependencies": {}
      },
      "@octokit/webhooks@10.9.1": {
        "integrity": "sha512-5NXU4VfsNOo2VSU/SrLrpPH2Z1ZVDOWFcET4EpnEBX1uh/v8Uz65UVuHIRx5TZiXhnWyRE9AO1PXHa+M/iWwZA==",
        "dependencies": {
          "@octokit/request-error": "@octokit/request-error@3.0.3",
          "@octokit/webhooks-methods": "@octokit/webhooks-methods@3.0.3",
          "@octokit/webhooks-types": "@octokit/webhooks-types@6.11.0",
          "aggregate-error": "aggregate-error@3.1.0"
        }
      },
      "@types/aws-lambda@8.10.118": {
        "integrity": "sha512-KOvOKuC4OJCi6pL1SfXiTgG0UPCoBj4ce3Gv+w+x5+8b8E0ACYbxBB1ituzO1NLfeqicvt6eSSY0XRsGC1d3NA==",
        "dependencies": {}
      },
      "@types/btoa-lite@1.0.0": {
        "integrity": "sha512-wJsiX1tosQ+J5+bY5LrSahHxr2wT+uME5UDwdN1kg4frt40euqA+wzECkmq4t5QbveHiJepfdThgQrPw6KiSlg==",
        "dependencies": {}
      },
      "@types/jsonwebtoken@9.0.2": {
        "integrity": "sha512-drE6uz7QBKq1fYqqoFKTDRdFCPHd5TCub75BM+D+cMx7NU9hUz7SESLfC2fSCXVFMO5Yj8sOWHuGqPgjc+fz0Q==",
        "dependencies": {
          "@types/node": "@types/node@20.3.1"
        }
      },
      "@types/node@20.3.1": {
        "integrity": "sha512-EhcH/wvidPy1WeML3TtYFGR83UzjxeWRen9V402T8aUGYsCHOmfoisV3ZSg03gAFIbLq8TnWOJ0f4cALtnSEUg==",
        "dependencies": {}
      },
      "@types/semver@7.5.0": {
        "integrity": "sha512-G8hZ6XJiHnuhQKR7ZmysCeJWE08o8T0AXtk5darsCaTVsYZhhgUrq53jizaR2FvsoeCwJhlmwTjkXBY5Pn/ZHw==",
        "dependencies": {}
      },
      "aggregate-error@3.1.0": {
        "integrity": "sha512-4I7Td01quW/RpocfNayFdFVk1qSuoh0E7JrbRJ16nH01HhKFQ88INq9Sd+nd72zqRySlr9BmDA8xlEJ6vJMrYA==",
        "dependencies": {
          "clean-stack": "clean-stack@2.2.0",
          "indent-string": "indent-string@4.0.0"
        }
      },
      "before-after-hook@2.2.3": {
        "integrity": "sha512-NzUnlZexiaH/46WDhANlyR2bXRopNg4F/zuSA3OpZnllCUgRaOF2znDioDWrmbNVsuZk6l9pMquQB38cfBZwkQ==",
        "dependencies": {}
      },
      "bottleneck@2.19.5": {
        "integrity": "sha512-VHiNCbI1lKdl44tGrhNfU3lup0Tj/ZBMJB5/2ZbNXRCPuRCO7ed2mgcK4r17y+KB2EfuYuRaVlwNbAeaWGSpbw==",
        "dependencies": {}
      },
      "btoa-lite@1.0.0": {
        "integrity": "sha512-gvW7InbIyF8AicrqWoptdW08pUxuhq8BEgowNajy9RhiE86fmGAGl+bLKo6oB8QP0CkqHLowfN0oJdKC/J6LbA==",
        "dependencies": {}
      },
      "buffer-equal-constant-time@1.0.1": {
        "integrity": "sha512-zRpUiDwd/xk6ADqPMATG8vc9VPrkck7T07OIx0gnjmJAnHnTVXNQG3vfvWNuiZIkwu9KrKdA1iJKfsfTVxE6NA==",
        "dependencies": {}
      },
      "clean-stack@2.2.0": {
        "integrity": "sha512-4diC9HaTE+KRAMWhDhrGOECgWZxoevMc5TlkObMqNSsVU62PYzXZ/SMTjzyGAFF1YusgxGcSWTEXBhp0CPwQ1A==",
        "dependencies": {}
      },
      "core-util-is@1.0.3": {
        "integrity": "sha512-ZQBvi1DcpJ4GDqanjucZ2Hj3wEO5pZDS89BWbkcrvdxksJorwUDDZamX9ldFkp9aw2lmBDLgkObEA4DWNJ9FYQ==",
        "dependencies": {}
      },
      "debug@4.3.4": {
        "integrity": "sha512-PRWFHuSU3eDtQJPvnNY7Jcket1j0t5OuOsFzPPzsekD52Zl8qUfFIPEiswXqIvHWGVHOgX+7G/vCNNhehwxfkQ==",
        "dependencies": {
          "ms": "ms@2.1.2"
        }
      },
      "deprecation@2.3.1": {
        "integrity": "sha512-xmHIy4F3scKVwMsQ4WnVaS8bHOx0DmVwRywosKhaILI0ywMDWPtBSku2HNxRvF7jtwDRsoEwYQSfbxj8b7RlJQ==",
        "dependencies": {}
      },
      "dotenv@16.1.4": {
        "integrity": "sha512-m55RtE8AsPeJBpOIFKihEmqUcoVncQIwo7x9U8ZwLEZw9ZpXboz2c+rvog+jUaJvVrZ5kBOeYQBX5+8Aa/OZQw==",
        "dependencies": {}
      },
      "ecdsa-sig-formatter@1.0.11": {
        "integrity": "sha512-nagl3RYrbNv6kQkeJIpt6NJZy8twLB/2vtz6yN9Z4vRKHN4/QZJIEbqohALSgwKdnksuY3k5Addp5lg8sVoVcQ==",
        "dependencies": {
          "safe-buffer": "safe-buffer@5.1.2"
        }
      },
      "fromentries@1.3.2": {
        "integrity": "sha512-cHEpEQHUg0f8XdtZCc2ZAhrHzKzT0MrFUTcvx+hfxYu7rGMDc5SKoXFh+n4YigxsHXRzc6OrCshdR1bWH6HHyg==",
        "dependencies": {}
      },
      "immediate@3.0.6": {
        "integrity": "sha512-XXOFtyqDjNDAQxVfYxuF7g9Il/IbWmmlQg2MYKOH8ExIT1qg6xc4zyS3HaEEATgs1btfzxq15ciUiY7gjSXRGQ==",
        "dependencies": {}
      },
      "indent-string@4.0.0": {
        "integrity": "sha512-EdDDZu4A2OyIK7Lr/2zG+w5jmbuk1DVBnEwREQvBzspBJkCEbRa8GxU1lghYcaGJCnRWibjDXlq779X1/y5xwg==",
        "dependencies": {}
      },
      "inherits@2.0.4": {
        "integrity": "sha512-k/vGaX4/Yla3WzyMCvTQOXYeIHvqOKtnqBduzTHpzpQZzAskKMhZ2K+EnBiSM9zGSoIFeMpXKxa4dYeZIQqewQ==",
        "dependencies": {}
      },
      "is-plain-object@5.0.0": {
        "integrity": "sha512-VRSzKkbMm5jMDoKLbltAkFQ5Qr7VDiTFGXxYFXXowVj387GeGNOCsOH6Msy00SGZ3Fp84b1Naa1psqgcCIEP5Q==",
        "dependencies": {}
      },
      "isarray@1.0.0": {
        "integrity": "sha512-VLghIWNM6ELQzo7zwmcg0NmTVyWKYjvIeM83yjp0wRDTmUnrM678fQbcKBo6n2CJEF0szoG//ytg+TKla89ALQ==",
        "dependencies": {}
      },
      "jsonwebtoken@9.0.0": {
        "integrity": "sha512-tuGfYXxkQGDPnLJ7SibiQgVgeDgfbPq2k2ICcbgqW8WxWLBAxKQM/ZCu/IT8SOSwmaYl4dpTFCW5xZv7YbbWUw==",
        "dependencies": {
          "jws": "jws@3.2.2",
          "lodash": "lodash@4.17.21",
          "ms": "ms@2.1.2",
          "semver": "semver@7.5.1"
        }
      },
      "jszip@3.10.1": {
        "integrity": "sha512-xXDvecyTpGLrqFrvkrUSoxxfJI5AH7U8zxxtVclpsUtMCq4JQ290LY8AW5c7Ggnr/Y/oK+bQMbqK2qmtk3pN4g==",
        "dependencies": {
          "lie": "lie@3.3.0",
          "pako": "pako@1.0.11",
          "readable-stream": "readable-stream@2.3.8",
          "setimmediate": "setimmediate@1.0.5"
        }
      },
      "jwa@1.4.1": {
        "integrity": "sha512-qiLX/xhEEFKUAJ6FiBMbes3w9ATzyk5W7Hvzpa/SLYdxNtng+gcurvrI7TbACjIXlsJyr05/S1oUhZrc63evQA==",
        "dependencies": {
          "buffer-equal-constant-time": "buffer-equal-constant-time@1.0.1",
          "ecdsa-sig-formatter": "ecdsa-sig-formatter@1.0.11",
          "safe-buffer": "safe-buffer@5.1.2"
        }
      },
      "jws@3.2.2": {
        "integrity": "sha512-YHlZCB6lMTllWDtSPHz/ZXTsi8S00usEV6v1tjq8tOUZzw7DpSDWVXjXDre6ed1w/pd495ODpHZYSdkRTsa0HA==",
        "dependencies": {
          "jwa": "jwa@1.4.1",
          "safe-buffer": "safe-buffer@5.1.2"
        }
      },
      "lie@3.3.0": {
        "integrity": "sha512-UaiMJzeWRlEujzAuw5LokY1L5ecNQYZKfmyZ9L7wDHb/p5etKaxXhohBcrw0EYby+G/NA52vRSN4N39dxHAIwQ==",
        "dependencies": {
          "immediate": "immediate@3.0.6"
        }
      },
      "lodash@4.17.21": {
        "integrity": "sha512-v2kDEe57lecTulaDIuNTPy3Ry4gLGJ6Z1O3vE1krgXZNrsQ+LFTGHVxVjcXPs17LhbZVGedAJv8XZ1tvj5FvSg==",
        "dependencies": {}
      },
      "lru-cache@6.0.0": {
        "integrity": "sha512-Jo6dJ04CmSjuznwJSS3pUeWmd/H0ffTlkXXgwZi+eq1UCmqQwCh+eLsYOYCwY991i2Fah4h1BEMCx4qThGbsiA==",
        "dependencies": {
          "yallist": "yallist@4.0.0"
        }
      },
      "lru-cache@9.1.2": {
        "integrity": "sha512-ERJq3FOzJTxBbFjZ7iDs+NiK4VI9Wz+RdrrAB8dio1oV+YvdPzUEE4QNiT2VD51DkIbCYRUUzCRkssXCHqSnKQ==",
        "dependencies": {}
      },
      "ms@2.1.2": {
        "integrity": "sha512-sGkPx+VjMtmA6MX27oA4FBFELFCZZ4S4XqeGOXCv68tT+jb3vk/RyaKWP0PTKyWtmLSM0b+adUTEvbs1PEaH2w==",
        "dependencies": {}
      },
      "node-fetch@2.6.11": {
        "integrity": "sha512-4I6pdBY1EthSqDmJkiNk3JIT8cswwR9nfeW/cPdUagJYEQG7R95WRH74wpz7ma8Gh/9dI9FP+OU+0E4FvtA55w==",
        "dependencies": {
          "whatwg-url": "whatwg-url@5.0.0"
        }
      },
      "octokit@2.0.15_@octokit+core@4.2.1": {
        "integrity": "sha512-09cuprsI3sGsCY+MKfbl1GI7UWxwxaHIoR2gtkPc8iYHaD1PF2AtUe+gc4kndzfBFk8tD+XbD6jdSfnBvLvqdA==",
        "dependencies": {
          "@octokit/app": "@octokit/app@13.1.5_@octokit+core@4.2.1",
          "@octokit/core": "@octokit/core@4.2.1",
          "@octokit/oauth-app": "@octokit/oauth-app@4.2.2",
          "@octokit/plugin-paginate-rest": "@octokit/plugin-paginate-rest@6.1.2_@octokit+core@4.2.1",
          "@octokit/plugin-rest-endpoint-methods": "@octokit/plugin-rest-endpoint-methods@7.2.3_@octokit+core@4.2.1",
          "@octokit/plugin-retry": "@octokit/plugin-retry@4.1.6_@octokit+core@4.2.1",
          "@octokit/plugin-throttling": "@octokit/plugin-throttling@5.2.3_@octokit+core@4.2.1",
          "@octokit/types": "@octokit/types@9.3.2"
        }
      },
      "once@1.4.0": {
        "integrity": "sha512-lNaJgI+2Q5URQBkccEKHTQOPaXdUxnZZElQTZY0MFUAuaEqe1E+Nyvgdz/aIyNi6Z9MzO5dv1H8n58/GELp3+w==",
        "dependencies": {
          "wrappy": "wrappy@1.0.2"
        }
      },
      "pako@1.0.11": {
        "integrity": "sha512-4hLB8Py4zZce5s4yd9XzopqwVv/yGNhV1Bl8NTmCq1763HeK2+EwVTv+leGeL13Dnh2wfbqowVPXCIO0z4taYw==",
        "dependencies": {}
      },
      "process-nextick-args@2.0.1": {
        "integrity": "sha512-3ouUOpQhtgrbOa17J7+uxOTpITYWaGP7/AhoR3+A+/1e9skrzelGi/dXzEYyvbxubEF6Wn2ypscTKiKJFFn1ag==",
        "dependencies": {}
      },
      "readable-stream@2.3.8": {
        "integrity": "sha512-8p0AUk4XODgIewSi0l8Epjs+EVnWiK7NoDIEGU0HhE7+ZyY8D1IMY7odu5lRrFXGg71L15KG8QrPmum45RTtdA==",
        "dependencies": {
          "core-util-is": "core-util-is@1.0.3",
          "inherits": "inherits@2.0.4",
          "isarray": "isarray@1.0.0",
          "process-nextick-args": "process-nextick-args@2.0.1",
          "safe-buffer": "safe-buffer@5.1.2",
          "string_decoder": "string_decoder@1.1.1",
          "util-deprecate": "util-deprecate@1.0.2"
        }
      },
      "safe-buffer@5.1.2": {
        "integrity": "sha512-Gd2UZBJDkXlY7GbJxfsE8/nvKkUEU1G38c1siN6QP6a9PT9MmHB8GnpscSmMJSoF8LOIrt8ud/wPtojys4G6+g==",
        "dependencies": {}
      },
      "semver@7.5.1": {
        "integrity": "sha512-Wvss5ivl8TMRZXXESstBA4uR5iXgEN/VC5/sOcuXdVLzcdkz4HWetIoRfG5gb5X+ij/G9rw9YoGn3QoQ8OCSpw==",
        "dependencies": {
          "lru-cache": "lru-cache@6.0.0"
        }
      },
      "setimmediate@1.0.5": {
        "integrity": "sha512-MATJdZp8sLqDl/68LfQmbP8zKPLQNV6BIZoIgrscFDQ+RsvK/BxeDQOgyxKKoh0y/8h3BqVFnCqQ/gd+reiIXA==",
        "dependencies": {}
      },
      "simple-git@3.19.0": {
        "integrity": "sha512-hyH2p9Ptxjf/xPuL7HfXbpYt9gKhC1yWDh3KYIAYJJePAKV7AEjLN4xhp7lozOdNiaJ9jlVvAbBymVlcS2jRiA==",
        "dependencies": {
          "@kwsites/file-exists": "@kwsites/file-exists@1.1.1",
          "@kwsites/promise-deferred": "@kwsites/promise-deferred@1.1.1",
          "debug": "debug@4.3.4"
        }
      },
      "string_decoder@1.1.1": {
        "integrity": "sha512-n/ShnvDi6FHbbVfviro+WojiFzv+s8MPMHBczVePfUpDJLwoLT0ht1l4YwBCbi8pJAveEEdnkHyPyTP/mzRfwg==",
        "dependencies": {
          "safe-buffer": "safe-buffer@5.1.2"
        }
      },
      "tr46@0.0.3": {
        "integrity": "sha512-N3WMsuqV66lT30CrXNbEjx4GEwlow3v6rr4mCcv6prnfwhS01rkgyFdjPNBYd9br7LpXV1+Emh01fHnq2Gdgrw==",
        "dependencies": {}
      },
      "tunnel@0.0.6": {
        "integrity": "sha512-1h/Lnq9yajKY2PEbBadPXj3VxsDDu844OnaAo52UVmIzIvwwtBPIuNvkjuzBlTWpfJyUbG3ez0KSBibQkj4ojg==",
        "dependencies": {}
      },
      "universal-github-app-jwt@1.1.1": {
        "integrity": "sha512-G33RTLrIBMFmlDV4u4CBF7dh71eWwykck4XgaxaIVeZKOYZRAAxvcGMRFTUclVY6xoUPQvO4Ne5wKGxYm/Yy9w==",
        "dependencies": {
          "@types/jsonwebtoken": "@types/jsonwebtoken@9.0.2",
          "jsonwebtoken": "jsonwebtoken@9.0.0"
        }
      },
      "universal-user-agent@6.0.0": {
        "integrity": "sha512-isyNax3wXoKaulPDZWHQqbmIx1k2tb9fb3GGDBRxCscfYV2Ch7WxPArBsFEG8s/safwXTT7H4QGhaIkTp9447w==",
        "dependencies": {}
      },
      "util-deprecate@1.0.2": {
        "integrity": "sha512-EPD5q1uXyFxJpCrLnCc1nHnq3gOa6DZBocAIiI2TaSCA7VCJ1UJDMagCzIkXNsUYfD1daK//LTEQ8xiIbrHtcw==",
        "dependencies": {}
      },
      "uuid@8.3.2": {
        "integrity": "sha512-+NYs2QeMWy+GWFOEm9xnn6HCDp0l7QBD7ml8zLUmJ+93Q5NF0NocErnwkTkXVFNiX3/fpC6afS8Dhb/gz7R7eg==",
        "dependencies": {}
      },
      "webidl-conversions@3.0.1": {
        "integrity": "sha512-2JAn3z8AR6rjK8Sm8orRC0h/bcl/DqL7tRPdGZ4I1CjdF+EaMLmYxBHyXuKL849eucPFhvBoxMsflfOb8kxaeQ==",
        "dependencies": {}
      },
      "whatwg-url@5.0.0": {
        "integrity": "sha512-saE57nupxk6v3HY35+jzBwYa0rKSy0XR8JSxZPwgLr7ys0IBzhGviA1/TUGJLmSVqs8pb9AnvICXEuOHLprYTw==",
        "dependencies": {
          "tr46": "tr46@0.0.3",
          "webidl-conversions": "webidl-conversions@3.0.1"
        }
      },
      "wrappy@1.0.2": {
        "integrity": "sha512-l4Sp/DRseor9wL6EvV2+TuQn63dMkPjZ/sp9XkghTEbV9KlPS1xUsZ3u7/IQO4wxtcFB4bgpQPRcR3QCvezPcQ==",
        "dependencies": {}
      },
      "yallist@4.0.0": {
        "integrity": "sha512-3wdGidZyq5PB084XLES5TpOSRA3wjXAlIWMhum2kRcv/41Sn2emQ0dycQW4uZXLejwKvg6EsvbdlVL+FYEct7A==",
        "dependencies": {}
      }
    }
  }
}
